// !$*UTF8*$!
{
	archiveVersion = 1;
	classes = {
	};
	objectVersion = 56;
	objects = {

/* Begin PBXBuildFile section */
		2FC3F7F72A357867001606DE /* UpdateGateApp.swift in Sources */ = {isa = PBXBuildFile; fileRef = 2FC3F7F62A357867001606DE /* UpdateGateApp.swift */; };
		2FC3F7F92A357867001606DE /* ContentView.swift in Sources */ = {isa = PBXBuildFile; fileRef = 2FC3F7F82A357867001606DE /* ContentView.swift */; };
		2FC3F7FB2A357868001606DE /* Assets.xcassets in Resources */ = {isa = PBXBuildFile; fileRef = 2FC3F7FA2A357868001606DE /* Assets.xcassets */; };
		2FC3F7FE2A357868001606DE /* Preview Assets.xcassets in Resources */ = {isa = PBXBuildFile; fileRef = 2FC3F7FD2A357868001606DE /* Preview Assets.xcassets */; };
		2FC3F8082A357868001606DE /* UpdateGateTests.swift in Sources */ = {isa = PBXBuildFile; fileRef = 2FC3F8072A357868001606DE /* UpdateGateTests.swift */; };
		2FC3F8122A357868001606DE /* UpdateGateUITests.swift in Sources */ = {isa = PBXBuildFile; fileRef = 2FC3F8112A357868001606DE /* UpdateGateUITests.swift */; };
		2FC3F8142A357868001606DE /* UpdateGateUITestsLaunchTests.swift in Sources */ = {isa = PBXBuildFile; fileRef = 2FC3F8132A357868001606DE /* UpdateGateUITestsLaunchTests.swift */; };
		2FC3F8282A3580BC001606DE /* UpdateGate.swift in Sources */ = {isa = PBXBuildFile; fileRef = 2FC3F8212A3580BC001606DE /* UpdateGate.swift */; };
		2FC3F8292A3580BC001606DE /* UpdateGateResult.swift in Sources */ = {isa = PBXBuildFile; fileRef = 2FC3F8242A3580BC001606DE /* UpdateGateResult.swift */; };
		2FC3F82B2A3580BC001606DE /* UpdateConfigurationProtocol.swift in Sources */ = {isa = PBXBuildFile; fileRef = 2FC3F8262A3580BC001606DE /* UpdateConfigurationProtocol.swift */; };
		2FC3F82C2A3580BC001606DE /* UpdateGateConfiguration.swift in Sources */ = {isa = PBXBuildFile; fileRef = 2FC3F8272A3580BC001606DE /* UpdateGateConfiguration.swift */; };
		2FC3F8332A358E29001606DE /* ReadMode.swift in Sources */ = {isa = PBXBuildFile; fileRef = 2FC3F8322A358E29001606DE /* ReadMode.swift */; };
		2FC3F8352A358E35001606DE /* UpdateGateError.swift in Sources */ = {isa = PBXBuildFile; fileRef = 2FC3F8342A358E35001606DE /* UpdateGateError.swift */; };
		2FC3F8372A358EBC001606DE /* ConfigurationFetcherProtocol.swift in Sources */ = {isa = PBXBuildFile; fileRef = 2FC3F8362A358EBC001606DE /* ConfigurationFetcherProtocol.swift */; };
		2FC3F8392A358F3A001606DE /* LocalConfigurationFetcher.swift in Sources */ = {isa = PBXBuildFile; fileRef = 2FC3F8382A358F3A001606DE /* LocalConfigurationFetcher.swift */; };
		2FC3F83B2A358F44001606DE /* RemoteConfigurationFetcher.swift in Sources */ = {isa = PBXBuildFile; fileRef = 2FC3F83A2A358F44001606DE /* RemoteConfigurationFetcher.swift */; };
		2FC3F83D2A358F9F001606DE /* ResultFetcherProtocol.swift in Sources */ = {isa = PBXBuildFile; fileRef = 2FC3F83C2A358F9F001606DE /* ResultFetcherProtocol.swift */; };
		2FC3F83F2A35904C001606DE /* ResultFetcher.swift in Sources */ = {isa = PBXBuildFile; fileRef = 2FC3F83E2A35904C001606DE /* ResultFetcher.swift */; };
		2FC3F8412A35CA55001606DE /* UpdateNotificationMode.swift in Sources */ = {isa = PBXBuildFile; fileRef = 2FC3F8402A35CA55001606DE /* UpdateNotificationMode.swift */; };
		2FC3F8432A35CA74001606DE /* UpdateConfigurationShowCounter.swift in Sources */ = {isa = PBXBuildFile; fileRef = 2FC3F8422A35CA74001606DE /* UpdateConfigurationShowCounter.swift */; };
		2FC3F8452A35CC0F001606DE /* Helpers.swift in Sources */ = {isa = PBXBuildFile; fileRef = 2FC3F8442A35CC0F001606DE /* Helpers.swift */; };
		2FC3F8472A370A84001606DE /* updates.json in Resources */ = {isa = PBXBuildFile; fileRef = 2FC3F8462A370A84001606DE /* updates.json */; };
		2FC3F8492A370B30001606DE /* ContentViewModel.swift in Sources */ = {isa = PBXBuildFile; fileRef = 2FC3F8482A370B30001606DE /* ContentViewModel.swift */; };
/* End PBXBuildFile section */

/* Begin PBXContainerItemProxy section */
		2FC3F8042A357868001606DE /* PBXContainerItemProxy */ = {
			isa = PBXContainerItemProxy;
			containerPortal = 2FC3F7EB2A357867001606DE /* Project object */;
			proxyType = 1;
			remoteGlobalIDString = 2FC3F7F22A357867001606DE;
			remoteInfo = UpdateGate;
		};
		2FC3F80E2A357868001606DE /* PBXContainerItemProxy */ = {
			isa = PBXContainerItemProxy;
			containerPortal = 2FC3F7EB2A357867001606DE /* Project object */;
			proxyType = 1;
			remoteGlobalIDString = 2FC3F7F22A357867001606DE;
			remoteInfo = UpdateGate;
		};
/* End PBXContainerItemProxy section */

/* Begin PBXFileReference section */
		2FC3F7F32A357867001606DE /* UpdateGate.app */ = {isa = PBXFileReference; explicitFileType = wrapper.application; includeInIndex = 0; path = UpdateGate.app; sourceTree = BUILT_PRODUCTS_DIR; };
		2FC3F7F62A357867001606DE /* UpdateGateApp.swift */ = {isa = PBXFileReference; lastKnownFileType = sourcecode.swift; path = UpdateGateApp.swift; sourceTree = "<group>"; };
		2FC3F7F82A357867001606DE /* ContentView.swift */ = {isa = PBXFileReference; lastKnownFileType = sourcecode.swift; path = ContentView.swift; sourceTree = "<group>"; };
		2FC3F7FA2A357868001606DE /* Assets.xcassets */ = {isa = PBXFileReference; lastKnownFileType = folder.assetcatalog; path = Assets.xcassets; sourceTree = "<group>"; };
		2FC3F7FD2A357868001606DE /* Preview Assets.xcassets */ = {isa = PBXFileReference; lastKnownFileType = folder.assetcatalog; path = "Preview Assets.xcassets"; sourceTree = "<group>"; };
		2FC3F8032A357868001606DE /* UpdateGateTests.xctest */ = {isa = PBXFileReference; explicitFileType = wrapper.cfbundle; includeInIndex = 0; path = UpdateGateTests.xctest; sourceTree = BUILT_PRODUCTS_DIR; };
		2FC3F8072A357868001606DE /* UpdateGateTests.swift */ = {isa = PBXFileReference; lastKnownFileType = sourcecode.swift; path = UpdateGateTests.swift; sourceTree = "<group>"; };
		2FC3F80D2A357868001606DE /* UpdateGateUITests.xctest */ = {isa = PBXFileReference; explicitFileType = wrapper.cfbundle; includeInIndex = 0; path = UpdateGateUITests.xctest; sourceTree = BUILT_PRODUCTS_DIR; };
		2FC3F8112A357868001606DE /* UpdateGateUITests.swift */ = {isa = PBXFileReference; lastKnownFileType = sourcecode.swift; path = UpdateGateUITests.swift; sourceTree = "<group>"; };
		2FC3F8132A357868001606DE /* UpdateGateUITestsLaunchTests.swift */ = {isa = PBXFileReference; lastKnownFileType = sourcecode.swift; path = UpdateGateUITestsLaunchTests.swift; sourceTree = "<group>"; };
		2FC3F8212A3580BC001606DE /* UpdateGate.swift */ = {isa = PBXFileReference; fileEncoding = 4; lastKnownFileType = sourcecode.swift; path = UpdateGate.swift; sourceTree = "<group>"; };
		2FC3F8242A3580BC001606DE /* UpdateGateResult.swift */ = {isa = PBXFileReference; fileEncoding = 4; lastKnownFileType = sourcecode.swift; path = UpdateGateResult.swift; sourceTree = "<group>"; };
		2FC3F8262A3580BC001606DE /* UpdateConfigurationProtocol.swift */ = {isa = PBXFileReference; fileEncoding = 4; lastKnownFileType = sourcecode.swift; path = UpdateConfigurationProtocol.swift; sourceTree = "<group>"; };
		2FC3F8272A3580BC001606DE /* UpdateGateConfiguration.swift */ = {isa = PBXFileReference; fileEncoding = 4; lastKnownFileType = sourcecode.swift; path = UpdateGateConfiguration.swift; sourceTree = "<group>"; };
		2FC3F8322A358E29001606DE /* ReadMode.swift */ = {isa = PBXFileReference; lastKnownFileType = sourcecode.swift; path = ReadMode.swift; sourceTree = "<group>"; };
		2FC3F8342A358E35001606DE /* UpdateGateError.swift */ = {isa = PBXFileReference; lastKnownFileType = sourcecode.swift; path = UpdateGateError.swift; sourceTree = "<group>"; };
		2FC3F8362A358EBC001606DE /* ConfigurationFetcherProtocol.swift */ = {isa = PBXFileReference; lastKnownFileType = sourcecode.swift; path = ConfigurationFetcherProtocol.swift; sourceTree = "<group>"; };
		2FC3F8382A358F3A001606DE /* LocalConfigurationFetcher.swift */ = {isa = PBXFileReference; lastKnownFileType = sourcecode.swift; path = LocalConfigurationFetcher.swift; sourceTree = "<group>"; };
		2FC3F83A2A358F44001606DE /* RemoteConfigurationFetcher.swift */ = {isa = PBXFileReference; lastKnownFileType = sourcecode.swift; path = RemoteConfigurationFetcher.swift; sourceTree = "<group>"; };
		2FC3F83C2A358F9F001606DE /* ResultFetcherProtocol.swift */ = {isa = PBXFileReference; lastKnownFileType = sourcecode.swift; path = ResultFetcherProtocol.swift; sourceTree = "<group>"; };
		2FC3F83E2A35904C001606DE /* ResultFetcher.swift */ = {isa = PBXFileReference; lastKnownFileType = sourcecode.swift; path = ResultFetcher.swift; sourceTree = "<group>"; };
		2FC3F8402A35CA55001606DE /* UpdateNotificationMode.swift */ = {isa = PBXFileReference; lastKnownFileType = sourcecode.swift; path = UpdateNotificationMode.swift; sourceTree = "<group>"; };
		2FC3F8422A35CA74001606DE /* UpdateConfigurationShowCounter.swift */ = {isa = PBXFileReference; lastKnownFileType = sourcecode.swift; path = UpdateConfigurationShowCounter.swift; sourceTree = "<group>"; };
		2FC3F8442A35CC0F001606DE /* Helpers.swift */ = {isa = PBXFileReference; lastKnownFileType = sourcecode.swift; path = Helpers.swift; sourceTree = "<group>"; };
		2FC3F8462A370A84001606DE /* updates.json */ = {isa = PBXFileReference; fileEncoding = 4; lastKnownFileType = text.json; path = updates.json; sourceTree = "<group>"; };
		2FC3F8482A370B30001606DE /* ContentViewModel.swift */ = {isa = PBXFileReference; lastKnownFileType = sourcecode.swift; path = ContentViewModel.swift; sourceTree = "<group>"; };
/* End PBXFileReference section */

/* Begin PBXFrameworksBuildPhase section */
		2FC3F7F02A357867001606DE /* Frameworks */ = {
			isa = PBXFrameworksBuildPhase;
			buildActionMask = 2147483647;
			files = (
			);
			runOnlyForDeploymentPostprocessing = 0;
		};
		2FC3F8002A357868001606DE /* Frameworks */ = {
			isa = PBXFrameworksBuildPhase;
			buildActionMask = 2147483647;
			files = (
			);
			runOnlyForDeploymentPostprocessing = 0;
		};
		2FC3F80A2A357868001606DE /* Frameworks */ = {
			isa = PBXFrameworksBuildPhase;
			buildActionMask = 2147483647;
			files = (
			);
			runOnlyForDeploymentPostprocessing = 0;
		};
/* End PBXFrameworksBuildPhase section */

/* Begin PBXGroup section */
		2FC3F7EA2A357867001606DE = {
			isa = PBXGroup;
			children = (
				2FC3F7F52A357867001606DE /* UpdateGate */,
				2FC3F8062A357868001606DE /* UpdateGateTests */,
				2FC3F8102A357868001606DE /* UpdateGateUITests */,
				2FC3F7F42A357867001606DE /* Products */,
			);
			sourceTree = "<group>";
		};
		2FC3F7F42A357867001606DE /* Products */ = {
			isa = PBXGroup;
			children = (
				2FC3F7F32A357867001606DE /* UpdateGate.app */,
				2FC3F8032A357868001606DE /* UpdateGateTests.xctest */,
				2FC3F80D2A357868001606DE /* UpdateGateUITests.xctest */,
			);
			name = Products;
			sourceTree = "<group>";
		};
		2FC3F7F52A357867001606DE /* UpdateGate */ = {
			isa = PBXGroup;
			children = (
				2FC3F7F62A357867001606DE /* UpdateGateApp.swift */,
				2FC3F7F82A357867001606DE /* ContentView.swift */,
				2FC3F8482A370B30001606DE /* ContentViewModel.swift */,
				2FC3F8202A3580BC001606DE /* UpdateGate */,
				2FC3F7FA2A357868001606DE /* Assets.xcassets */,
				2FC3F7FC2A357868001606DE /* Preview Content */,
			);
			path = UpdateGate;
			sourceTree = "<group>";
		};
		2FC3F7FC2A357868001606DE /* Preview Content */ = {
			isa = PBXGroup;
			children = (
				2FC3F8462A370A84001606DE /* updates.json */,
				2FC3F7FD2A357868001606DE /* Preview Assets.xcassets */,
			);
			path = "Preview Content";
			sourceTree = "<group>";
		};
		2FC3F8062A357868001606DE /* UpdateGateTests */ = {
			isa = PBXGroup;
			children = (
				2FC3F8072A357868001606DE /* UpdateGateTests.swift */,
			);
			path = UpdateGateTests;
			sourceTree = "<group>";
		};
		2FC3F8102A357868001606DE /* UpdateGateUITests */ = {
			isa = PBXGroup;
			children = (
				2FC3F8112A357868001606DE /* UpdateGateUITests.swift */,
				2FC3F8132A357868001606DE /* UpdateGateUITestsLaunchTests.swift */,
			);
			path = UpdateGateUITests;
			sourceTree = "<group>";
		};
		2FC3F8202A3580BC001606DE /* UpdateGate */ = {
			isa = PBXGroup;
			children = (
				2FC3F8222A3580BC001606DE /* Core */,
				2FC3F8232A3580BC001606DE /* Model */,
				2FC3F8312A358E08001606DE /* Common */,
			);
			path = UpdateGate;
			sourceTree = "<group>";
		};
		2FC3F8222A3580BC001606DE /* Core */ = {
			isa = PBXGroup;
			children = (
				2FC3F8212A3580BC001606DE /* UpdateGate.swift */,
			);
			path = Core;
			sourceTree = "<group>";
		};
		2FC3F8232A3580BC001606DE /* Model */ = {
			isa = PBXGroup;
			children = (
				2FC3F82D2A358D8C001606DE /* Configurations */,
				2FC3F82F2A358DBD001606DE /* ConfigurationFetcher */,
				2FC3F82E2A358D9D001606DE /* Result */,
				2FC3F8302A358DCD001606DE /* ResultFetcher */,
				2FC3F8402A35CA55001606DE /* UpdateNotificationMode.swift */,
				2FC3F8422A35CA74001606DE /* UpdateConfigurationShowCounter.swift */,
			);
			path = Model;
			sourceTree = "<group>";
		};
		2FC3F82D2A358D8C001606DE /* Configurations */ = {
			isa = PBXGroup;
			children = (
				2FC3F8262A3580BC001606DE /* UpdateConfigurationProtocol.swift */,
				2FC3F8272A3580BC001606DE /* UpdateGateConfiguration.swift */,
			);
			path = Configurations;
			sourceTree = "<group>";
		};
		2FC3F82E2A358D9D001606DE /* Result */ = {
			isa = PBXGroup;
			children = (
				2FC3F8242A3580BC001606DE /* UpdateGateResult.swift */,
			);
			path = Result;
			sourceTree = "<group>";
		};
		2FC3F82F2A358DBD001606DE /* ConfigurationFetcher */ = {
			isa = PBXGroup;
			children = (
				2FC3F8362A358EBC001606DE /* ConfigurationFetcherProtocol.swift */,
				2FC3F8382A358F3A001606DE /* LocalConfigurationFetcher.swift */,
				2FC3F83A2A358F44001606DE /* RemoteConfigurationFetcher.swift */,
			);
			path = ConfigurationFetcher;
			sourceTree = "<group>";
		};
		2FC3F8302A358DCD001606DE /* ResultFetcher */ = {
			isa = PBXGroup;
			children = (
				2FC3F83C2A358F9F001606DE /* ResultFetcherProtocol.swift */,
				2FC3F83E2A35904C001606DE /* ResultFetcher.swift */,
			);
			path = ResultFetcher;
			sourceTree = "<group>";
		};
		2FC3F8312A358E08001606DE /* Common */ = {
			isa = PBXGroup;
			children = (
				2FC3F8322A358E29001606DE /* ReadMode.swift */,
				2FC3F8342A358E35001606DE /* UpdateGateError.swift */,
				2FC3F8442A35CC0F001606DE /* Helpers.swift */,
			);
			path = Common;
			sourceTree = "<group>";
		};
/* End PBXGroup section */

/* Begin PBXNativeTarget section */
		2FC3F7F22A357867001606DE /* UpdateGate */ = {
			isa = PBXNativeTarget;
			buildConfigurationList = 2FC3F8172A357868001606DE /* Build configuration list for PBXNativeTarget "UpdateGate" */;
			buildPhases = (
				2FC3F7EF2A357867001606DE /* Sources */,
				2FC3F7F02A357867001606DE /* Frameworks */,
				2FC3F7F12A357867001606DE /* Resources */,
			);
			buildRules = (
			);
			dependencies = (
			);
			name = UpdateGate;
			productName = UpdateGate;
			productReference = 2FC3F7F32A357867001606DE /* UpdateGate.app */;
			productType = "com.apple.product-type.application";
		};
		2FC3F8022A357868001606DE /* UpdateGateTests */ = {
			isa = PBXNativeTarget;
			buildConfigurationList = 2FC3F81A2A357868001606DE /* Build configuration list for PBXNativeTarget "UpdateGateTests" */;
			buildPhases = (
				2FC3F7FF2A357868001606DE /* Sources */,
				2FC3F8002A357868001606DE /* Frameworks */,
				2FC3F8012A357868001606DE /* Resources */,
			);
			buildRules = (
			);
			dependencies = (
				2FC3F8052A357868001606DE /* PBXTargetDependency */,
			);
			name = UpdateGateTests;
			productName = UpdateGateTests;
			productReference = 2FC3F8032A357868001606DE /* UpdateGateTests.xctest */;
			productType = "com.apple.product-type.bundle.unit-test";
		};
		2FC3F80C2A357868001606DE /* UpdateGateUITests */ = {
			isa = PBXNativeTarget;
			buildConfigurationList = 2FC3F81D2A357868001606DE /* Build configuration list for PBXNativeTarget "UpdateGateUITests" */;
			buildPhases = (
				2FC3F8092A357868001606DE /* Sources */,
				2FC3F80A2A357868001606DE /* Frameworks */,
				2FC3F80B2A357868001606DE /* Resources */,
			);
			buildRules = (
			);
			dependencies = (
				2FC3F80F2A357868001606DE /* PBXTargetDependency */,
			);
			name = UpdateGateUITests;
			productName = UpdateGateUITests;
			productReference = 2FC3F80D2A357868001606DE /* UpdateGateUITests.xctest */;
			productType = "com.apple.product-type.bundle.ui-testing";
		};
/* End PBXNativeTarget section */

/* Begin PBXProject section */
		2FC3F7EB2A357867001606DE /* Project object */ = {
			isa = PBXProject;
			attributes = {
				BuildIndependentTargetsInParallel = 1;
				LastSwiftUpdateCheck = 1430;
				LastUpgradeCheck = 1430;
				TargetAttributes = {
					2FC3F7F22A357867001606DE = {
						CreatedOnToolsVersion = 14.3.1;
					};
					2FC3F8022A357868001606DE = {
						CreatedOnToolsVersion = 14.3.1;
						TestTargetID = 2FC3F7F22A357867001606DE;
					};
					2FC3F80C2A357868001606DE = {
						CreatedOnToolsVersion = 14.3.1;
						TestTargetID = 2FC3F7F22A357867001606DE;
					};
				};
			};
			buildConfigurationList = 2FC3F7EE2A357867001606DE /* Build configuration list for PBXProject "UpdateGate" */;
			compatibilityVersion = "Xcode 14.0";
			developmentRegion = en;
			hasScannedForEncodings = 0;
			knownRegions = (
				en,
				Base,
			);
			mainGroup = 2FC3F7EA2A357867001606DE;
			productRefGroup = 2FC3F7F42A357867001606DE /* Products */;
			projectDirPath = "";
			projectRoot = "";
			targets = (
				2FC3F7F22A357867001606DE /* UpdateGate */,
				2FC3F8022A357868001606DE /* UpdateGateTests */,
				2FC3F80C2A357868001606DE /* UpdateGateUITests */,
			);
		};
/* End PBXProject section */

/* Begin PBXResourcesBuildPhase section */
		2FC3F7F12A357867001606DE /* Resources */ = {
			isa = PBXResourcesBuildPhase;
			buildActionMask = 2147483647;
			files = (
				2FC3F7FE2A357868001606DE /* Preview Assets.xcassets in Resources */,
				2FC3F8472A370A84001606DE /* updates.json in Resources */,
				2FC3F7FB2A357868001606DE /* Assets.xcassets in Resources */,
			);
			runOnlyForDeploymentPostprocessing = 0;
		};
		2FC3F8012A357868001606DE /* Resources */ = {
			isa = PBXResourcesBuildPhase;
			buildActionMask = 2147483647;
			files = (
			);
			runOnlyForDeploymentPostprocessing = 0;
		};
		2FC3F80B2A357868001606DE /* Resources */ = {
			isa = PBXResourcesBuildPhase;
			buildActionMask = 2147483647;
			files = (
			);
			runOnlyForDeploymentPostprocessing = 0;
		};
/* End PBXResourcesBuildPhase section */

/* Begin PBXSourcesBuildPhase section */
		2FC3F7EF2A357867001606DE /* Sources */ = {
			isa = PBXSourcesBuildPhase;
			buildActionMask = 2147483647;
			files = (
				2FC3F8282A3580BC001606DE /* UpdateGate.swift in Sources */,
				2FC3F8332A358E29001606DE /* ReadMode.swift in Sources */,
				2FC3F83D2A358F9F001606DE /* ResultFetcherProtocol.swift in Sources */,
				2FC3F8492A370B30001606DE /* ContentViewModel.swift in Sources */,
				2FC3F8412A35CA55001606DE /* UpdateNotificationMode.swift in Sources */,
				2FC3F7F92A357867001606DE /* ContentView.swift in Sources */,
				2FC3F8372A358EBC001606DE /* ConfigurationFetcherProtocol.swift in Sources */,
				2FC3F83F2A35904C001606DE /* ResultFetcher.swift in Sources */,
				2FC3F8392A358F3A001606DE /* LocalConfigurationFetcher.swift in Sources */,
				2FC3F8292A3580BC001606DE /* UpdateGateResult.swift in Sources */,
				2FC3F8452A35CC0F001606DE /* Helpers.swift in Sources */,
				2FC3F82C2A3580BC001606DE /* UpdateGateConfiguration.swift in Sources */,
				2FC3F8432A35CA74001606DE /* UpdateConfigurationShowCounter.swift in Sources */,
				2FC3F83B2A358F44001606DE /* RemoteConfigurationFetcher.swift in Sources */,
				2FC3F7F72A357867001606DE /* UpdateGateApp.swift in Sources */,
				2FC3F8352A358E35001606DE /* UpdateGateError.swift in Sources */,
				2FC3F82B2A3580BC001606DE /* UpdateConfigurationProtocol.swift in Sources */,
			);
			runOnlyForDeploymentPostprocessing = 0;
		};
		2FC3F7FF2A357868001606DE /* Sources */ = {
			isa = PBXSourcesBuildPhase;
			buildActionMask = 2147483647;
			files = (
				2FC3F8082A357868001606DE /* UpdateGateTests.swift in Sources */,
			);
			runOnlyForDeploymentPostprocessing = 0;
		};
		2FC3F8092A357868001606DE /* Sources */ = {
			isa = PBXSourcesBuildPhase;
			buildActionMask = 2147483647;
			files = (
				2FC3F8142A357868001606DE /* UpdateGateUITestsLaunchTests.swift in Sources */,
				2FC3F8122A357868001606DE /* UpdateGateUITests.swift in Sources */,
			);
			runOnlyForDeploymentPostprocessing = 0;
		};
/* End PBXSourcesBuildPhase section */

/* Begin PBXTargetDependency section */
		2FC3F8052A357868001606DE /* PBXTargetDependency */ = {
			isa = PBXTargetDependency;
			target = 2FC3F7F22A357867001606DE /* UpdateGate */;
			targetProxy = 2FC3F8042A357868001606DE /* PBXContainerItemProxy */;
		};
		2FC3F80F2A357868001606DE /* PBXTargetDependency */ = {
			isa = PBXTargetDependency;
			target = 2FC3F7F22A357867001606DE /* UpdateGate */;
			targetProxy = 2FC3F80E2A357868001606DE /* PBXContainerItemProxy */;
		};
/* End PBXTargetDependency section */

/* Begin XCBuildConfiguration section */
		2FC3F8152A357868001606DE /* Debug */ = {
			isa = XCBuildConfiguration;
			buildSettings = {
				ALWAYS_SEARCH_USER_PATHS = NO;
				CLANG_ANALYZER_NONNULL = YES;
				CLANG_ANALYZER_NUMBER_OBJECT_CONVERSION = YES_AGGRESSIVE;
				CLANG_CXX_LANGUAGE_STANDARD = "gnu++20";
				CLANG_ENABLE_MODULES = YES;
				CLANG_ENABLE_OBJC_ARC = YES;
				CLANG_ENABLE_OBJC_WEAK = YES;
				CLANG_WARN_BLOCK_CAPTURE_AUTORELEASING = YES;
				CLANG_WARN_BOOL_CONVERSION = YES;
				CLANG_WARN_COMMA = YES;
				CLANG_WARN_CONSTANT_CONVERSION = YES;
				CLANG_WARN_DEPRECATED_OBJC_IMPLEMENTATIONS = YES;
				CLANG_WARN_DIRECT_OBJC_ISA_USAGE = YES_ERROR;
				CLANG_WARN_DOCUMENTATION_COMMENTS = YES;
				CLANG_WARN_EMPTY_BODY = YES;
				CLANG_WARN_ENUM_CONVERSION = YES;
				CLANG_WARN_INFINITE_RECURSION = YES;
				CLANG_WARN_INT_CONVERSION = YES;
				CLANG_WARN_NON_LITERAL_NULL_CONVERSION = YES;
				CLANG_WARN_OBJC_IMPLICIT_RETAIN_SELF = YES;
				CLANG_WARN_OBJC_LITERAL_CONVERSION = YES;
				CLANG_WARN_OBJC_ROOT_CLASS = YES_ERROR;
				CLANG_WARN_QUOTED_INCLUDE_IN_FRAMEWORK_HEADER = YES;
				CLANG_WARN_RANGE_LOOP_ANALYSIS = YES;
				CLANG_WARN_STRICT_PROTOTYPES = YES;
				CLANG_WARN_SUSPICIOUS_MOVE = YES;
				CLANG_WARN_UNGUARDED_AVAILABILITY = YES_AGGRESSIVE;
				CLANG_WARN_UNREACHABLE_CODE = YES;
				CLANG_WARN__DUPLICATE_METHOD_MATCH = YES;
				COPY_PHASE_STRIP = NO;
				DEBUG_INFORMATION_FORMAT = dwarf;
				ENABLE_STRICT_OBJC_MSGSEND = YES;
				ENABLE_TESTABILITY = YES;
				GCC_C_LANGUAGE_STANDARD = gnu11;
				GCC_DYNAMIC_NO_PIC = NO;
				GCC_NO_COMMON_BLOCKS = YES;
				GCC_OPTIMIZATION_LEVEL = 0;
				GCC_PREPROCESSOR_DEFINITIONS = (
					"DEBUG=1",
					"$(inherited)",
				);
				GCC_WARN_64_TO_32_BIT_CONVERSION = YES;
				GCC_WARN_ABOUT_RETURN_TYPE = YES_ERROR;
				GCC_WARN_UNDECLARED_SELECTOR = YES;
				GCC_WARN_UNINITIALIZED_AUTOS = YES_AGGRESSIVE;
				GCC_WARN_UNUSED_FUNCTION = YES;
				GCC_WARN_UNUSED_VARIABLE = YES;
				IPHONEOS_DEPLOYMENT_TARGET = 16.4;
				MTL_ENABLE_DEBUG_INFO = INCLUDE_SOURCE;
				MTL_FAST_MATH = YES;
				ONLY_ACTIVE_ARCH = YES;
				SDKROOT = iphoneos;
				SWIFT_ACTIVE_COMPILATION_CONDITIONS = DEBUG;
				SWIFT_OPTIMIZATION_LEVEL = "-Onone";
			};
			name = Debug;
		};
		2FC3F8162A357868001606DE /* Release */ = {
			isa = XCBuildConfiguration;
			buildSettings = {
				ALWAYS_SEARCH_USER_PATHS = NO;
				CLANG_ANALYZER_NONNULL = YES;
				CLANG_ANALYZER_NUMBER_OBJECT_CONVERSION = YES_AGGRESSIVE;
				CLANG_CXX_LANGUAGE_STANDARD = "gnu++20";
				CLANG_ENABLE_MODULES = YES;
				CLANG_ENABLE_OBJC_ARC = YES;
				CLANG_ENABLE_OBJC_WEAK = YES;
				CLANG_WARN_BLOCK_CAPTURE_AUTORELEASING = YES;
				CLANG_WARN_BOOL_CONVERSION = YES;
				CLANG_WARN_COMMA = YES;
				CLANG_WARN_CONSTANT_CONVERSION = YES;
				CLANG_WARN_DEPRECATED_OBJC_IMPLEMENTATIONS = YES;
				CLANG_WARN_DIRECT_OBJC_ISA_USAGE = YES_ERROR;
				CLANG_WARN_DOCUMENTATION_COMMENTS = YES;
				CLANG_WARN_EMPTY_BODY = YES;
				CLANG_WARN_ENUM_CONVERSION = YES;
				CLANG_WARN_INFINITE_RECURSION = YES;
				CLANG_WARN_INT_CONVERSION = YES;
				CLANG_WARN_NON_LITERAL_NULL_CONVERSION = YES;
				CLANG_WARN_OBJC_IMPLICIT_RETAIN_SELF = YES;
				CLANG_WARN_OBJC_LITERAL_CONVERSION = YES;
				CLANG_WARN_OBJC_ROOT_CLASS = YES_ERROR;
				CLANG_WARN_QUOTED_INCLUDE_IN_FRAMEWORK_HEADER = YES;
				CLANG_WARN_RANGE_LOOP_ANALYSIS = YES;
				CLANG_WARN_STRICT_PROTOTYPES = YES;
				CLANG_WARN_SUSPICIOUS_MOVE = YES;
				CLANG_WARN_UNGUARDED_AVAILABILITY = YES_AGGRESSIVE;
				CLANG_WARN_UNREACHABLE_CODE = YES;
				CLANG_WARN__DUPLICATE_METHOD_MATCH = YES;
				COPY_PHASE_STRIP = NO;
				DEBUG_INFORMATION_FORMAT = "dwarf-with-dsym";
				ENABLE_NS_ASSERTIONS = NO;
				ENABLE_STRICT_OBJC_MSGSEND = YES;
				GCC_C_LANGUAGE_STANDARD = gnu11;
				GCC_NO_COMMON_BLOCKS = YES;
				GCC_WARN_64_TO_32_BIT_CONVERSION = YES;
				GCC_WARN_ABOUT_RETURN_TYPE = YES_ERROR;
				GCC_WARN_UNDECLARED_SELECTOR = YES;
				GCC_WARN_UNINITIALIZED_AUTOS = YES_AGGRESSIVE;
				GCC_WARN_UNUSED_FUNCTION = YES;
				GCC_WARN_UNUSED_VARIABLE = YES;
				IPHONEOS_DEPLOYMENT_TARGET = 16.4;
				MTL_ENABLE_DEBUG_INFO = NO;
				MTL_FAST_MATH = YES;
				SDKROOT = iphoneos;
				SWIFT_COMPILATION_MODE = wholemodule;
				SWIFT_OPTIMIZATION_LEVEL = "-O";
				VALIDATE_PRODUCT = YES;
			};
			name = Release;
		};
		2FC3F8182A357868001606DE /* Debug */ = {
			isa = XCBuildConfiguration;
			buildSettings = {
				ASSETCATALOG_COMPILER_APPICON_NAME = AppIcon;
				ASSETCATALOG_COMPILER_GLOBAL_ACCENT_COLOR_NAME = AccentColor;
				CODE_SIGN_STYLE = Automatic;
				CURRENT_PROJECT_VERSION = 1;
				DEVELOPMENT_ASSET_PATHS = "\"UpdateGate/Preview Content\"";
				DEVELOPMENT_TEAM = 48CKAFKWVH;
				ENABLE_PREVIEWS = YES;
				GENERATE_INFOPLIST_FILE = YES;
				INFOPLIST_KEY_UIApplicationSceneManifest_Generation = YES;
				INFOPLIST_KEY_UIApplicationSupportsIndirectInputEvents = YES;
				INFOPLIST_KEY_UILaunchScreen_Generation = YES;
				INFOPLIST_KEY_UISupportedInterfaceOrientations_iPad = "UIInterfaceOrientationPortrait UIInterfaceOrientationPortraitUpsideDown UIInterfaceOrientationLandscapeLeft UIInterfaceOrientationLandscapeRight";
				INFOPLIST_KEY_UISupportedInterfaceOrientations_iPhone = "UIInterfaceOrientationPortrait UIInterfaceOrientationLandscapeLeft UIInterfaceOrientationLandscapeRight";
				LD_RUNPATH_SEARCH_PATHS = (
					"$(inherited)",
					"@executable_path/Frameworks",
				);
				MARKETING_VERSION = 1.0;
				PRODUCT_BUNDLE_IDENTIFIER = com.viothun.UpdateGate;
				PRODUCT_NAME = "$(TARGET_NAME)";
				SWIFT_EMIT_LOC_STRINGS = YES;
				SWIFT_VERSION = 5.0;
				TARGETED_DEVICE_FAMILY = "1,2";
			};
			name = Debug;
		};
		2FC3F8192A357868001606DE /* Release */ = {
			isa = XCBuildConfiguration;
			buildSettings = {
				ASSETCATALOG_COMPILER_APPICON_NAME = AppIcon;
				ASSETCATALOG_COMPILER_GLOBAL_ACCENT_COLOR_NAME = AccentColor;
				CODE_SIGN_STYLE = Automatic;
				CURRENT_PROJECT_VERSION = 1;
				DEVELOPMENT_ASSET_PATHS = "\"UpdateGate/Preview Content\"";
				DEVELOPMENT_TEAM = 48CKAFKWVH;
				ENABLE_PREVIEWS = YES;
				GENERATE_INFOPLIST_FILE = YES;
				INFOPLIST_KEY_UIApplicationSceneManifest_Generation = YES;
				INFOPLIST_KEY_UIApplicationSupportsIndirectInputEvents = YES;
				INFOPLIST_KEY_UILaunchScreen_Generation = YES;
				INFOPLIST_KEY_UISupportedInterfaceOrientations_iPad = "UIInterfaceOrientationPortrait UIInterfaceOrientationPortraitUpsideDown UIInterfaceOrientationLandscapeLeft UIInterfaceOrientationLandscapeRight";
				INFOPLIST_KEY_UISupportedInterfaceOrientations_iPhone = "UIInterfaceOrientationPortrait UIInterfaceOrientationLandscapeLeft UIInterfaceOrientationLandscapeRight";
				LD_RUNPATH_SEARCH_PATHS = (
					"$(inherited)",
					"@executable_path/Frameworks",
				);
				MARKETING_VERSION = 1.0;
				PRODUCT_BUNDLE_IDENTIFIER = com.viothun.UpdateGate;
				PRODUCT_NAME = "$(TARGET_NAME)";
				SWIFT_EMIT_LOC_STRINGS = YES;
				SWIFT_VERSION = 5.0;
				TARGETED_DEVICE_FAMILY = "1,2";
			};
			name = Release;
		};
		2FC3F81B2A357868001606DE /* Debug */ = {
			isa = XCBuildConfiguration;
			buildSettings = {
				ALWAYS_EMBED_SWIFT_STANDARD_LIBRARIES = YES;
				BUNDLE_LOADER = "$(TEST_HOST)";
				CODE_SIGN_STYLE = Automatic;
				CURRENT_PROJECT_VERSION = 1;
				DEVELOPMENT_TEAM = 48CKAFKWVH;
				GENERATE_INFOPLIST_FILE = YES;
				IPHONEOS_DEPLOYMENT_TARGET = 16.4;
				MARKETING_VERSION = 1.0;
				PRODUCT_BUNDLE_IDENTIFIER = com.viothun.UpdateGateTests;
				PRODUCT_NAME = "$(TARGET_NAME)";
				SWIFT_EMIT_LOC_STRINGS = NO;
				SWIFT_VERSION = 5.0;
				TARGETED_DEVICE_FAMILY = "1,2";
				TEST_HOST = "$(BUILT_PRODUCTS_DIR)/UpdateGate.app/$(BUNDLE_EXECUTABLE_FOLDER_PATH)/UpdateGate";
			};
			name = Debug;
		};
		2FC3F81C2A357868001606DE /* Release */ = {
			isa = XCBuildConfiguration;
			buildSettings = {
				ALWAYS_EMBED_SWIFT_STANDARD_LIBRARIES = YES;
				BUNDLE_LOADER = "$(TEST_HOST)";
				CODE_SIGN_STYLE = Automatic;
				CURRENT_PROJECT_VERSION = 1;
				DEVELOPMENT_TEAM = 48CKAFKWVH;
				GENERATE_INFOPLIST_FILE = YES;
				IPHONEOS_DEPLOYMENT_TARGET = 16.4;
				MARKETING_VERSION = 1.0;
				PRODUCT_BUNDLE_IDENTIFIER = com.viothun.UpdateGateTests;
				PRODUCT_NAME = "$(TARGET_NAME)";
				SWIFT_EMIT_LOC_STRINGS = NO;
				SWIFT_VERSION = 5.0;
				TARGETED_DEVICE_FAMILY = "1,2";
				TEST_HOST = "$(BUILT_PRODUCTS_DIR)/UpdateGate.app/$(BUNDLE_EXECUTABLE_FOLDER_PATH)/UpdateGate";
			};
			name = Release;
		};
		2FC3F81E2A357868001606DE /* Debug */ = {
			isa = XCBuildConfiguration;
			buildSettings = {
				ALWAYS_EMBED_SWIFT_STANDARD_LIBRARIES = YES;
				CODE_SIGN_STYLE = Automatic;
				CURRENT_PROJECT_VERSION = 1;
				DEVELOPMENT_TEAM = 48CKAFKWVH;
				GENERATE_INFOPLIST_FILE = YES;
				MARKETING_VERSION = 1.0;
				PRODUCT_BUNDLE_IDENTIFIER = com.viothun.UpdateGateUITests;
				PRODUCT_NAME = "$(TARGET_NAME)";
				SWIFT_EMIT_LOC_STRINGS = NO;
				SWIFT_VERSION = 5.0;
				TARGETED_DEVICE_FAMILY = "1,2";
				TEST_TARGET_NAME = UpdateGate;
			};
			name = Debug;
		};
		2FC3F81F2A357868001606DE /* Release */ = {
			isa = XCBuildConfiguration;
			buildSettings = {
				ALWAYS_EMBED_SWIFT_STANDARD_LIBRARIES = YES;
				CODE_SIGN_STYLE = Automatic;
				CURRENT_PROJECT_VERSION = 1;
				DEVELOPMENT_TEAM = 48CKAFKWVH;
				GENERATE_INFOPLIST_FILE = YES;
				MARKETING_VERSION = 1.0;
				PRODUCT_BUNDLE_IDENTIFIER = com.viothun.UpdateGateUITests;
				PRODUCT_NAME = "$(TARGET_NAME)";
				SWIFT_EMIT_LOC_STRINGS = NO;
				SWIFT_VERSION = 5.0;
				TARGETED_DEVICE_FAMILY = "1,2";
				TEST_TARGET_NAME = UpdateGate;
			};
			name = Release;
		};
/* End XCBuildConfiguration section */

/* Begin XCConfigurationList section */
		2FC3F7EE2A357867001606DE /* Build configuration list for PBXProject "UpdateGate" */ = {
			isa = XCConfigurationList;
			buildConfigurations = (
				2FC3F8152A357868001606DE /* Debug */,
				2FC3F8162A357868001606DE /* Release */,
			);
			defaultConfigurationIsVisible = 0;
			defaultConfigurationName = Release;
		};
		2FC3F8172A357868001606DE /* Build configuration list for PBXNativeTarget "UpdateGate" */ = {
			isa = XCConfigurationList;
			buildConfigurations = (
				2FC3F8182A357868001606DE /* Debug */,
				2FC3F8192A357868001606DE /* Release */,
			);
			defaultConfigurationIsVisible = 0;
			defaultConfigurationName = Release;
		};
		2FC3F81A2A357868001606DE /* Build configuration list for PBXNativeTarget "UpdateGateTests" */ = {
			isa = XCConfigurationList;
			buildConfigurations = (
				2FC3F81B2A357868001606DE /* Debug */,
				2FC3F81C2A357868001606DE /* Release */,
			);
			defaultConfigurationIsVisible = 0;
			defaultConfigurationName = Release;
		};
		2FC3F81D2A357868001606DE /* Build configuration list for PBXNativeTarget "UpdateGateUITests" */ = {
			isa = XCConfigurationList;
			buildConfigurations = (
				2FC3F81E2A357868001606DE /* Debug */,
				2FC3F81F2A357868001606DE /* Release */,
			);
			defaultConfigurationIsVisible = 0;
			defaultConfigurationName = Release;
		};
/* End XCConfigurationList section */
	};
	rootObject = 2FC3F7EB2A357867001606DE /* Project object */;
}
